{
  "requires": true,
  "lockfileVersion": 1,
  "dependencies": {
    "@fortawesome/fontawesome-free": {
      "version": "5.11.2",
      "resolved": "https://registry.npmjs.org/@fortawesome/fontawesome-free/-/fontawesome-free-5.11.2.tgz",
      "integrity": "sha512-XiUPoS79r1G7PcpnNtq85TJ7inJWe0v+b5oZJZKb0pGHNIV6+UiNeQWiFGmuQ0aj7GEhnD/v9iqxIsjuRKtEnQ=="
    },
    "blueimp-canvas-to-blob": {
      "version": "3.16.0",
      "resolved": "https://registry.npmjs.org/blueimp-canvas-to-blob/-/blueimp-canvas-to-blob-3.16.0.tgz",
      "integrity": "sha512-r5TRlxH5Y0iKrRajCfiW1K4o2U1JniarjLXuNJrC5nnlWV/UopieF8sysw9pAYBauxg2I3Ah1hUp3NEuinwmkA=="
    },
    "blueimp-file-upload": {
      "version": "10.2.0",
      "resolved": "https://registry.npmjs.org/blueimp-file-upload/-/blueimp-file-upload-10.2.0.tgz",
      "integrity": "sha512-xDAZZ+lGC9TVdHojP96AcFuVBrQty0IYrBOcq3vQ+Y8Sx3uwRH8WQrbbjwIqLPWcOKilUss/RPbPbWW796fYWQ==",
      "requires": {
        "blueimp-canvas-to-blob": "3",
        "blueimp-load-image": "2",
        "blueimp-tmpl": "3"
      }
    },
    "blueimp-load-image": {
      "version": "2.24.0",
      "resolved": "https://registry.npmjs.org/blueimp-load-image/-/blueimp-load-image-2.24.0.tgz",
      "integrity": "sha512-fR/CNGEOqbcgbQC7+6hJKcxjD5updapWECbptrHrYpkacP1eXCOoA+92D0v49Sc+gwtxTDzu8nxNmYYd7AXzUg=="
    },
    "blueimp-tmpl": {
      "version": "3.13.0",
      "resolved": "https://registry.npmjs.org/blueimp-tmpl/-/blueimp-tmpl-3.13.0.tgz",
      "integrity": "sha512-TC5eLXhPGGgBJG1gGxKRORB5DMxSVSTS/GsqsQuJ+shv0Ez5wc9bjoXVhPqtdbzVZAzFvveasAMrjqEYY/18Og=="
    },
    "clipboard": {
      "version": "2.0.4",
      "resolved": "https://registry.npmjs.org/clipboard/-/clipboard-2.0.4.tgz",
      "integrity": "sha512-Vw26VSLRpJfBofiVaFb/I8PVfdI1OxKcYShe6fm0sP/DtmiWQNCjhM/okTvdCo0G+lMMm1rMYbk4IK4x1X+kgQ==",
      "requires": {
        "good-listener": "^1.2.2",
        "select": "^1.1.2",
        "tiny-emitter": "^2.0.0"
      }
    },
    "delegate": {
      "version": "3.2.0",
      "resolved": "https://registry.npmjs.org/delegate/-/delegate-3.2.0.tgz",
      "integrity": "sha512-IofjkYBZaZivn0V8nnsMJGBr4jVLxHDheKSW88PyxS5QC4Vo9ZbZVvhzlSxY87fVq3STR6r+4cGepyHkcWOQSw=="
    },
    "good-listener": {
      "version": "1.2.2",
      "resolved": "https://registry.npmjs.org/good-listener/-/good-listener-1.2.2.tgz",
      "integrity": "sha1-1TswzfkxPf+33JoNR3CWqm0UXFA=",
      "requires": {
        "delegate": "^3.1.2"
      }
    },
    "jquery-ui-dist": {
      "version": "1.12.1",
      "resolved": "https://registry.npmjs.org/jquery-ui-dist/-/jquery-ui-dist-1.12.1.tgz",
      "integrity": "sha1-XAgV08xvkP9fqvWyaKbiO0ypBPo="
    },
    "select": {
      "version": "1.1.2",
      "resolved": "https://registry.npmjs.org/select/-/select-1.1.2.tgz",
      "integrity": "sha1-DnNQrN7ICxEIUoeG7B1EGNEbOW0="
    },
    "tiny-emitter": {
      "version": "2.1.0",
      "resolved": "https://registry.npmjs.org/tiny-emitter/-/tiny-emitter-2.1.0.tgz",
      "integrity": "sha512-NB6Dk1A9xgQPMoGqC5CVXn123gWyte215ONT5Pp5a0yt4nlEoO1ZWeCwpncaekPHXO60i47ihFnZPiRPjRMq4Q=="
    }
  }
}
